
Microsoft Visual Studio Solution File, Format Version 12.00
# Visual Studio 14
VisualStudioVersion = 14.0.25420.1
MinimumVisualStudioVersion = 10.0.40219.1
Project("{FAE04EC0-301F-11D3-BF4B-00C04F79EFBC}") = "EinsteinQuotesApp", "EinsteinQuotesApp\EinsteinQuotesApp\EinsteinQuotesApp.csproj", "{92DA1721-AD70-4FE2-A422-451B130D5D4C}"
EndProject
Project("{FAE04EC0-301F-11D3-BF4B-00C04F79EFBC}") = "EinsteinQuotesApp.Droid", "EinsteinQuotesApp\EinsteinQuotesApp.Droid\EinsteinQuotesApp.Droid.csproj", "{8C984475-625E-42B8-98BF-B1EB91F7DC43}"
EndProject
Project("{FAE04EC0-301F-11D3-BF4B-00C04F79EFBC}") = "EinsteinQuotesApp.iOS", "EinsteinQuotesApp\EinsteinQuotesApp.iOS\EinsteinQuotesApp.iOS.csproj", "{97E247C9-F53D-4FFB-BE42-D82B374DE2AC}"
EndProject
Project("{FAE04EC0-301F-11D3-BF4B-00C04F79EFBC}") = "EinsteinQuotesApp.UWP", "EinsteinQuotesApp\EinsteinQuotesApp.UWP\EinsteinQuotesApp.UWP.csproj", "{94667E8F-2298-4BDF-AF66-B6112924952D}"
EndProject
Global
	GlobalSection(SolutionConfigurationPlatforms) = preSolution
		Ad-Hoc|Any CPU = Ad-Hoc|Any CPU
		Ad-Hoc|ARM = Ad-Hoc|ARM
		Ad-Hoc|iPhone = Ad-Hoc|iPhone
		Ad-Hoc|iPhoneSimulator = Ad-Hoc|iPhoneSimulator
		Ad-Hoc|x64 = Ad-Hoc|x64
		Ad-Hoc|x86 = Ad-Hoc|x86
		AppStore|Any CPU = AppStore|Any CPU
		AppStore|ARM = AppStore|ARM
		AppStore|iPhone = AppStore|iPhone
		AppStore|iPhoneSimulator = AppStore|iPhoneSimulator
		AppStore|x64 = AppStore|x64
		AppStore|x86 = AppStore|x86
		Debug|Any CPU = Debug|Any CPU
		Debug|ARM = Debug|ARM
		Debug|iPhone = Debug|iPhone
		Debug|iPhoneSimulator = Debug|iPhoneSimulator
		Debug|x64 = Debug|x64
		Debug|x86 = Debug|x86
		Release|Any CPU = Release|Any CPU
		Release|ARM = Release|ARM
		Release|iPhone = Release|iPhone
		Release|iPhoneSimulator = Release|iPhoneSimulator
		Release|x64 = Release|x64
		Release|x86 = Release|x86
	EndGlobalSection
	GlobalSection(ProjectConfigurationPlatforms) = postSolution
		{92DA1721-AD70-4FE2-A422-451B130D5D4C}.Ad-Hoc|Any CPU.ActiveCfg = Release|Any CPU
		{92DA1721-AD70-4FE2-A422-451B130D5D4C}.Ad-Hoc|Any CPU.Build.0 = Release|Any CPU
		{92DA1721-AD70-4FE2-A422-451B130D5D4C}.Ad-Hoc|ARM.ActiveCfg = Release|Any CPU
		{92DA1721-AD70-4FE2-A422-451B130D5D4C}.Ad-Hoc|ARM.Build.0 = Release|Any CPU
		{92DA1721-AD70-4FE2-A422-451B130D5D4C}.Ad-Hoc|iPhone.ActiveCfg = Release|Any CPU
		{92DA1721-AD70-4FE2-A422-451B130D5D4C}.Ad-Hoc|iPhone.Build.0 = Release|Any CPU
		{92DA1721-AD70-4FE2-A422-451B130D5D4C}.Ad-Hoc|iPhoneSimulator.ActiveCfg = Release|Any CPU
		{92DA1721-AD70-4FE2-A422-451B130D5D4C}.Ad-Hoc|iPhoneSimulator.Build.0 = Release|Any CPU
		{92DA1721-AD70-4FE2-A422-451B130D5D4C}.Ad-Hoc|x64.ActiveCfg = Release|Any CPU
		{92DA1721-AD70-4FE2-A422-451B130D5D4C}.Ad-Hoc|x64.Build.0 = Release|Any CPU
		{92DA1721-AD70-4FE2-A422-451B130D5D4C}.Ad-Hoc|x86.ActiveCfg = Release|Any CPU
		{92DA1721-AD70-4FE2-A422-451B130D5D4C}.Ad-Hoc|x86.Build.0 = Release|Any CPU
		{92DA1721-AD70-4FE2-A422-451B130D5D4C}.AppStore|Any CPU.ActiveCfg = Release|Any CPU
		{92DA1721-AD70-4FE2-A422-451B130D5D4C}.AppStore|Any CPU.Build.0 = Release|Any CPU
		{92DA1721-AD70-4FE2-A422-451B130D5D4C}.AppStore|ARM.ActiveCfg = Release|Any CPU
		{92DA1721-AD70-4FE2-A422-451B130D5D4C}.AppStore|ARM.Build.0 = Release|Any CPU
		{92DA1721-AD70-4FE2-A422-451B130D5D4C}.AppStore|iPhone.ActiveCfg = Release|Any CPU
		{92DA1721-AD70-4FE2-A422-451B130D5D4C}.AppStore|iPhone.Build.0 = Release|Any CPU
		{92DA1721-AD70-4FE2-A422-451B130D5D4C}.AppStore|iPhoneSimulator.ActiveCfg = Release|Any CPU
		{92DA1721-AD70-4FE2-A422-451B130D5D4C}.AppStore|iPhoneSimulator.Build.0 = Release|Any CPU
		{92DA1721-AD70-4FE2-A422-451B130D5D4C}.AppStore|x64.ActiveCfg = Release|Any CPU
		{92DA1721-AD70-4FE2-A422-451B130D5D4C}.AppStore|x64.Build.0 = Release|Any CPU
		{92DA1721-AD70-4FE2-A422-451B130D5D4C}.AppStore|x86.ActiveCfg = Release|Any CPU
		{92DA1721-AD70-4FE2-A422-451B130D5D4C}.AppStore|x86.Build.0 = Release|Any CPU
		{92DA1721-AD70-4FE2-A422-451B130D5D4C}.Debug|Any CPU.ActiveCfg = Debug|Any CPU
		{92DA1721-AD70-4FE2-A422-451B130D5D4C}.Debug|Any CPU.Build.0 = Debug|Any CPU
		{92DA1721-AD70-4FE2-A422-451B130D5D4C}.Debug|ARM.ActiveCfg = Debug|Any CPU
		{92DA1721-AD70-4FE2-A422-451B130D5D4C}.Debug|ARM.Build.0 = Debug|Any CPU
		{92DA1721-AD70-4FE2-A422-451B130D5D4C}.Debug|iPhone.ActiveCfg = Debug|Any CPU
		{92DA1721-AD70-4FE2-A422-451B130D5D4C}.Debug|iPhone.Build.0 = Debug|Any CPU
		{92DA1721-AD70-4FE2-A422-451B130D5D4C}.Debug|iPhoneSimulator.ActiveCfg = Debug|Any CPU
		{92DA1721-AD70-4FE2-A422-451B130D5D4C}.Debug|iPhoneSimulator.Build.0 = Debug|Any CPU
		{92DA1721-AD70-4FE2-A422-451B130D5D4C}.Debug|x64.ActiveCfg = Debug|Any CPU
		{92DA1721-AD70-4FE2-A422-451B130D5D4C}.Debug|x64.Build.0 = Debug|Any CPU
		{92DA1721-AD70-4FE2-A422-451B130D5D4C}.Debug|x86.ActiveCfg = Debug|Any CPU
		{92DA1721-AD70-4FE2-A422-451B130D5D4C}.Debug|x86.Build.0 = Debug|Any CPU
		{92DA1721-AD70-4FE2-A422-451B130D5D4C}.Release|Any CPU.ActiveCfg = Release|Any CPU
		{92DA1721-AD70-4FE2-A422-451B130D5D4C}.Release|Any CPU.Build.0 = Release|Any CPU
		{92DA1721-AD70-4FE2-A422-451B130D5D4C}.Release|ARM.ActiveCfg = Release|Any CPU
		{92DA1721-AD70-4FE2-A422-451B130D5D4C}.Release|ARM.Build.0 = Release|Any CPU
		{92DA1721-AD70-4FE2-A422-451B130D5D4C}.Release|iPhone.ActiveCfg = Release|Any CPU
		{92DA1721-AD70-4FE2-A422-451B130D5D4C}.Release|iPhone.Build.0 = Release|Any CPU
		{92DA1721-AD70-4FE2-A422-451B130D5D4C}.Release|iPhoneSimulator.ActiveCfg = Release|Any CPU
		{92DA1721-AD70-4FE2-A422-451B130D5D4C}.Release|iPhoneSimulator.Build.0 = Release|Any CPU
		{92DA1721-AD70-4FE2-A422-451B130D5D4C}.Release|x64.ActiveCfg = Release|Any CPU
		{92DA1721-AD70-4FE2-A422-451B130D5D4C}.Release|x64.Build.0 = Release|Any CPU
		{92DA1721-AD70-4FE2-A422-451B130D5D4C}.Release|x86.ActiveCfg = Release|Any CPU
		{92DA1721-AD70-4FE2-A422-451B130D5D4C}.Release|x86.Build.0 = Release|Any CPU
		{8C984475-625E-42B8-98BF-B1EB91F7DC43}.Ad-Hoc|Any CPU.ActiveCfg = Release|Any CPU
		{8C984475-625E-42B8-98BF-B1EB91F7DC43}.Ad-Hoc|Any CPU.Build.0 = Release|Any CPU
		{8C984475-625E-42B8-98BF-B1EB91F7DC43}.Ad-Hoc|Any CPU.Deploy.0 = Release|Any CPU
		{8C984475-625E-42B8-98BF-B1EB91F7DC43}.Ad-Hoc|ARM.ActiveCfg = Release|Any CPU
		{8C984475-625E-42B8-98BF-B1EB91F7DC43}.Ad-Hoc|ARM.Build.0 = Release|Any CPU
		{8C984475-625E-42B8-98BF-B1EB91F7DC43}.Ad-Hoc|ARM.Deploy.0 = Release|Any CPU
		{8C984475-625E-42B8-98BF-B1EB91F7DC43}.Ad-Hoc|iPhone.ActiveCfg = Release|Any CPU
		{8C984475-625E-42B8-98BF-B1EB91F7DC43}.Ad-Hoc|iPhone.Build.0 = Release|Any CPU
		{8C984475-625E-42B8-98BF-B1EB91F7DC43}.Ad-Hoc|iPhone.Deploy.0 = Release|Any CPU
		{8C984475-625E-42B8-98BF-B1EB91F7DC43}.Ad-Hoc|iPhoneSimulator.ActiveCfg = Release|Any CPU
		{8C984475-625E-42B8-98BF-B1EB91F7DC43}.Ad-Hoc|iPhoneSimulator.Build.0 = Release|Any CPU
		{8C984475-625E-42B8-98BF-B1EB91F7DC43}.Ad-Hoc|iPhoneSimulator.Deploy.0 = Release|Any CPU
		{8C984475-625E-42B8-98BF-B1EB91F7DC43}.Ad-Hoc|x64.ActiveCfg = Release|Any CPU
		{8C984475-625E-42B8-98BF-B1EB91F7DC43}.Ad-Hoc|x64.Build.0 = Release|Any CPU
		{8C984475-625E-42B8-98BF-B1EB91F7DC43}.Ad-Hoc|x64.Deploy.0 = Release|Any CPU
		{8C984475-625E-42B8-98BF-B1EB91F7DC43}.Ad-Hoc|x86.ActiveCfg = Release|Any CPU
		{8C984475-625E-42B8-98BF-B1EB91F7DC43}.Ad-Hoc|x86.Build.0 = Release|Any CPU
		{8C984475-625E-42B8-98BF-B1EB91F7DC43}.Ad-Hoc|x86.Deploy.0 = Release|Any CPU
		{8C984475-625E-42B8-98BF-B1EB91F7DC43}.AppStore|Any CPU.ActiveCfg = Release|Any CPU
		{8C984475-625E-42B8-98BF-B1EB91F7DC43}.AppStore|Any CPU.Build.0 = Release|Any CPU
		{8C984475-625E-42B8-98BF-B1EB91F7DC43}.AppStore|Any CPU.Deploy.0 = Release|Any CPU
		{8C984475-625E-42B8-98BF-B1EB91F7DC43}.AppStore|ARM.ActiveCfg = Release|Any CPU
		{8C984475-625E-42B8-98BF-B1EB91F7DC43}.AppStore|ARM.Build.0 = Release|Any CPU
		{8C984475-625E-42B8-98BF-B1EB91F7DC43}.AppStore|ARM.Deploy.0 = Release|Any CPU
		{8C984475-625E-42B8-98BF-B1EB91F7DC43}.AppStore|iPhone.ActiveCfg = Release|Any CPU
		{8C984475-625E-42B8-98BF-B1EB91F7DC43}.AppStore|iPhone.Build.0 = Release|Any CPU
		{8C984475-625E-42B8-98BF-B1EB91F7DC43}.AppStore|iPhone.Deploy.0 = Release|Any CPU
		{8C984475-625E-42B8-98BF-B1EB91F7DC43}.AppStore|iPhoneSimulator.ActiveCfg = Release|Any CPU
		{8C984475-625E-42B8-98BF-B1EB91F7DC43}.AppStore|iPhoneSimulator.Build.0 = Release|Any CPU
		{8C984475-625E-42B8-98BF-B1EB91F7DC43}.AppStore|iPhoneSimulator.Deploy.0 = Release|Any CPU
		{8C984475-625E-42B8-98BF-B1EB91F7DC43}.AppStore|x64.ActiveCfg = Release|Any CPU
		{8C984475-625E-42B8-98BF-B1EB91F7DC43}.AppStore|x64.Build.0 = Release|Any CPU
		{8C984475-625E-42B8-98BF-B1EB91F7DC43}.AppStore|x64.Deploy.0 = Release|Any CPU
		{8C984475-625E-42B8-98BF-B1EB91F7DC43}.AppStore|x86.ActiveCfg = Release|Any CPU
		{8C984475-625E-42B8-98BF-B1EB91F7DC43}.AppStore|x86.Build.0 = Release|Any CPU
		{8C984475-625E-42B8-98BF-B1EB91F7DC43}.AppStore|x86.Deploy.0 = Release|Any CPU
		{8C984475-625E-42B8-98BF-B1EB91F7DC43}.Debug|Any CPU.ActiveCfg = Debug|Any CPU
		{8C984475-625E-42B8-98BF-B1EB91F7DC43}.Debug|Any CPU.Build.0 = Debug|Any CPU
		{8C984475-625E-42B8-98BF-B1EB91F7DC43}.Debug|Any CPU.Deploy.0 = Debug|Any CPU
		{8C984475-625E-42B8-98BF-B1EB91F7DC43}.Debug|ARM.ActiveCfg = Debug|Any CPU
		{8C984475-625E-42B8-98BF-B1EB91F7DC43}.Debug|ARM.Build.0 = Debug|Any CPU
		{8C984475-625E-42B8-98BF-B1EB91F7DC43}.Debug|ARM.Deploy.0 = Debug|Any CPU
		{8C984475-625E-42B8-98BF-B1EB91F7DC43}.Debug|iPhone.ActiveCfg = Debug|Any CPU
		{8C984475-625E-42B8-98BF-B1EB91F7DC43}.Debug|iPhone.Build.0 = Debug|Any CPU
		{8C984475-625E-42B8-98BF-B1EB91F7DC43}.Debug|iPhone.Deploy.0 = Debug|Any CPU
		{8C984475-625E-42B8-98BF-B1EB91F7DC43}.Debug|iPhoneSimulator.ActiveCfg = Debug|Any CPU
		{8C984475-625E-42B8-98BF-B1EB91F7DC43}.Debug|iPhoneSimulator.Build.0 = Debug|Any CPU
		{8C984475-625E-42B8-98BF-B1EB91F7DC43}.Debug|iPhoneSimulator.Deploy.0 = Debug|Any CPU
		{8C984475-625E-42B8-98BF-B1EB91F7DC43}.Debug|x64.ActiveCfg = Debug|Any CPU
		{8C984475-625E-42B8-98BF-B1EB91F7DC43}.Debug|x64.Build.0 = Debug|Any CPU
		{8C984475-625E-42B8-98BF-B1EB91F7DC43}.Debug|x64.Deploy.0 = Debug|Any CPU
		{8C984475-625E-42B8-98BF-B1EB91F7DC43}.Debug|x86.ActiveCfg = Debug|Any CPU
		{8C984475-625E-42B8-98BF-B1EB91F7DC43}.Debug|x86.Build.0 = Debug|Any CPU
		{8C984475-625E-42B8-98BF-B1EB91F7DC43}.Debug|x86.Deploy.0 = Debug|Any CPU
		{8C984475-625E-42B8-98BF-B1EB91F7DC43}.Release|Any CPU.ActiveCfg = Release|Any CPU
		{8C984475-625E-42B8-98BF-B1EB91F7DC43}.Release|Any CPU.Build.0 = Release|Any CPU
		{8C984475-625E-42B8-98BF-B1EB91F7DC43}.Release|Any CPU.Deploy.0 = Release|Any CPU
		{8C984475-625E-42B8-98BF-B1EB91F7DC43}.Release|ARM.ActiveCfg = Release|Any CPU
		{8C984475-625E-42B8-98BF-B1EB91F7DC43}.Release|ARM.Build.0 = Release|Any CPU
		{8C984475-625E-42B8-98BF-B1EB91F7DC43}.Release|ARM.Deploy.0 = Release|Any CPU
		{8C984475-625E-42B8-98BF-B1EB91F7DC43}.Release|iPhone.ActiveCfg = Release|Any CPU
		{8C984475-625E-42B8-98BF-B1EB91F7DC43}.Release|iPhone.Build.0 = Release|Any CPU
		{8C984475-625E-42B8-98BF-B1EB91F7DC43}.Release|iPhone.Deploy.0 = Release|Any CPU
		{8C984475-625E-42B8-98BF-B1EB91F7DC43}.Release|iPhoneSimulator.ActiveCfg = Release|Any CPU
		{8C984475-625E-42B8-98BF-B1EB91F7DC43}.Release|iPhoneSimulator.Build.0 = Release|Any CPU
		{8C984475-625E-42B8-98BF-B1EB91F7DC43}.Release|iPhoneSimulator.Deploy.0 = Release|Any CPU
		{8C984475-625E-42B8-98BF-B1EB91F7DC43}.Release|x64.ActiveCfg = Release|Any CPU
		{8C984475-625E-42B8-98BF-B1EB91F7DC43}.Release|x64.Build.0 = Release|Any CPU
		{8C984475-625E-42B8-98BF-B1EB91F7DC43}.Release|x64.Deploy.0 = Release|Any CPU
		{8C984475-625E-42B8-98BF-B1EB91F7DC43}.Release|x86.ActiveCfg = Release|Any CPU
		{8C984475-625E-42B8-98BF-B1EB91F7DC43}.Release|x86.Build.0 = Release|Any CPU
		{8C984475-625E-42B8-98BF-B1EB91F7DC43}.Release|x86.Deploy.0 = Release|Any CPU
		{97E247C9-F53D-4FFB-BE42-D82B374DE2AC}.Ad-Hoc|Any CPU.ActiveCfg = Ad-Hoc|iPhone
		{97E247C9-F53D-4FFB-BE42-D82B374DE2AC}.Ad-Hoc|ARM.ActiveCfg = Ad-Hoc|iPhone
		{97E247C9-F53D-4FFB-BE42-D82B374DE2AC}.Ad-Hoc|iPhone.ActiveCfg = Ad-Hoc|iPhone
		{97E247C9-F53D-4FFB-BE42-D82B374DE2AC}.Ad-Hoc|iPhone.Build.0 = Ad-Hoc|iPhone
		{97E247C9-F53D-4FFB-BE42-D82B374DE2AC}.Ad-Hoc|iPhoneSimulator.ActiveCfg = Ad-Hoc|iPhoneSimulator
		{97E247C9-F53D-4FFB-BE42-D82B374DE2AC}.Ad-Hoc|iPhoneSimulator.Build.0 = Ad-Hoc|iPhoneSimulator
		{97E247C9-F53D-4FFB-BE42-D82B374DE2AC}.Ad-Hoc|x64.ActiveCfg = Ad-Hoc|iPhone
		{97E247C9-F53D-4FFB-BE42-D82B374DE2AC}.Ad-Hoc|x86.ActiveCfg = Ad-Hoc|iPhone
		{97E247C9-F53D-4FFB-BE42-D82B374DE2AC}.AppStore|Any CPU.ActiveCfg = AppStore|iPhone
		{97E247C9-F53D-4FFB-BE42-D82B374DE2AC}.AppStore|ARM.ActiveCfg = AppStore|iPhone
		{97E247C9-F53D-4FFB-BE42-D82B374DE2AC}.AppStore|iPhone.ActiveCfg = AppStore|iPhone
		{97E247C9-F53D-4FFB-BE42-D82B374DE2AC}.AppStore|iPhone.Build.0 = AppStore|iPhone
		{97E247C9-F53D-4FFB-BE42-D82B374DE2AC}.AppStore|iPhoneSimulator.ActiveCfg = AppStore|iPhoneSimulator
		{97E247C9-F53D-4FFB-BE42-D82B374DE2AC}.AppStore|iPhoneSimulator.Build.0 = AppStore|iPhoneSimulator
		{97E247C9-F53D-4FFB-BE42-D82B374DE2AC}.AppStore|x64.ActiveCfg = AppStore|iPhone
		{97E247C9-F53D-4FFB-BE42-D82B374DE2AC}.AppStore|x86.ActiveCfg = AppStore|iPhone
		{97E247C9-F53D-4FFB-BE42-D82B374DE2AC}.Debug|Any CPU.ActiveCfg = Debug|iPhone
		{97E247C9-F53D-4FFB-BE42-D82B374DE2AC}.Debug|ARM.ActiveCfg = Debug|iPhone
		{97E247C9-F53D-4FFB-BE42-D82B374DE2AC}.Debug|iPhone.ActiveCfg = Debug|iPhone
		{97E247C9-F53D-4FFB-BE42-D82B374DE2AC}.Debug|iPhone.Build.0 = Debug|iPhone
		{97E247C9-F53D-4FFB-BE42-D82B374DE2AC}.Debug|iPhoneSimulator.ActiveCfg = Debug|iPhoneSimulator
		{97E247C9-F53D-4FFB-BE42-D82B374DE2AC}.Debug|iPhoneSimulator.Build.0 = Debug|iPhoneSimulator
		{97E247C9-F53D-4FFB-BE42-D82B374DE2AC}.Debug|x64.ActiveCfg = Debug|iPhone
		{97E247C9-F53D-4FFB-BE42-D82B374DE2AC}.Debug|x86.ActiveCfg = Debug|iPhone
		{97E247C9-F53D-4FFB-BE42-D82B374DE2AC}.Release|Any CPU.ActiveCfg = Release|iPhone
		{97E247C9-F53D-4FFB-BE42-D82B374DE2AC}.Release|ARM.ActiveCfg = Release|iPhone
		{97E247C9-F53D-4FFB-BE42-D82B374DE2AC}.Release|iPhone.ActiveCfg = Release|iPhone
		{97E247C9-F53D-4FFB-BE42-D82B374DE2AC}.Release|iPhone.Build.0 = Release|iPhone
		{97E247C9-F53D-4FFB-BE42-D82B374DE2AC}.Release|iPhoneSimulator.ActiveCfg = Release|iPhoneSimulator
		{97E247C9-F53D-4FFB-BE42-D82B374DE2AC}.Release|iPhoneSimulator.Build.0 = Release|iPhoneSimulator
		{97E247C9-F53D-4FFB-BE42-D82B374DE2AC}.Release|x64.ActiveCfg = Release|iPhone
		{97E247C9-F53D-4FFB-BE42-D82B374DE2AC}.Release|x86.ActiveCfg = Release|iPhone
		{94667E8F-2298-4BDF-AF66-B6112924952D}.Ad-Hoc|Any CPU.ActiveCfg = Release|x86
		{94667E8F-2298-4BDF-AF66-B6112924952D}.Ad-Hoc|Any CPU.Build.0 = Release|x86
		{94667E8F-2298-4BDF-AF66-B6112924952D}.Ad-Hoc|Any CPU.Deploy.0 = Release|x86
		{94667E8F-2298-4BDF-AF66-B6112924952D}.Ad-Hoc|ARM.ActiveCfg = Release|ARM
		{94667E8F-2298-4BDF-AF66-B6112924952D}.Ad-Hoc|ARM.Build.0 = Release|ARM
		{94667E8F-2298-4BDF-AF66-B6112924952D}.Ad-Hoc|ARM.Deploy.0 = Release|ARM
		{94667E8F-2298-4BDF-AF66-B6112924952D}.Ad-Hoc|iPhone.ActiveCfg = Release|x86
		{94667E8F-2298-4BDF-AF66-B6112924952D}.Ad-Hoc|iPhone.Build.0 = Release|x86
		{94667E8F-2298-4BDF-AF66-B6112924952D}.Ad-Hoc|iPhone.Deploy.0 = Release|x86
		{94667E8F-2298-4BDF-AF66-B6112924952D}.Ad-Hoc|iPhoneSimulator.ActiveCfg = Release|x86
		{94667E8F-2298-4BDF-AF66-B6112924952D}.Ad-Hoc|iPhoneSimulator.Build.0 = Release|x86
		{94667E8F-2298-4BDF-AF66-B6112924952D}.Ad-Hoc|iPhoneSimulator.Deploy.0 = Release|x86
		{94667E8F-2298-4BDF-AF66-B6112924952D}.Ad-Hoc|x64.ActiveCfg = Release|x64
		{94667E8F-2298-4BDF-AF66-B6112924952D}.Ad-Hoc|x64.Build.0 = Release|x64
		{94667E8F-2298-4BDF-AF66-B6112924952D}.Ad-Hoc|x64.Deploy.0 = Release|x64
		{94667E8F-2298-4BDF-AF66-B6112924952D}.Ad-Hoc|x86.ActiveCfg = Release|x86
		{94667E8F-2298-4BDF-AF66-B6112924952D}.Ad-Hoc|x86.Build.0 = Release|x86
		{94667E8F-2298-4BDF-AF66-B6112924952D}.Ad-Hoc|x86.Deploy.0 = Release|x86
		{94667E8F-2298-4BDF-AF66-B6112924952D}.AppStore|Any CPU.ActiveCfg = Release|x86
		{94667E8F-2298-4BDF-AF66-B6112924952D}.AppStore|Any CPU.Build.0 = Release|x86
		{94667E8F-2298-4BDF-AF66-B6112924952D}.AppStore|Any CPU.Deploy.0 = Release|x86
		{94667E8F-2298-4BDF-AF66-B6112924952D}.AppStore|ARM.ActiveCfg = Release|ARM
		{94667E8F-2298-4BDF-AF66-B6112924952D}.AppStore|ARM.Build.0 = Release|ARM
		{94667E8F-2298-4BDF-AF66-B6112924952D}.AppStore|ARM.Deploy.0 = Release|ARM
		{94667E8F-2298-4BDF-AF66-B6112924952D}.AppStore|iPhone.ActiveCfg = Release|x86
		{94667E8F-2298-4BDF-AF66-B6112924952D}.AppStore|iPhone.Build.0 = Release|x86
		{94667E8F-2298-4BDF-AF66-B6112924952D}.AppStore|iPhone.Deploy.0 = Release|x86
		{94667E8F-2298-4BDF-AF66-B6112924952D}.AppStore|iPhoneSimulator.ActiveCfg = Release|x86
		{94667E8F-2298-4BDF-AF66-B6112924952D}.AppStore|iPhoneSimulator.Build.0 = Release|x86
		{94667E8F-2298-4BDF-AF66-B6112924952D}.AppStore|iPhoneSimulator.Deploy.0 = Release|x86
		{94667E8F-2298-4BDF-AF66-B6112924952D}.AppStore|x64.ActiveCfg = Release|x64
		{94667E8F-2298-4BDF-AF66-B6112924952D}.AppStore|x64.Build.0 = Release|x64
		{94667E8F-2298-4BDF-AF66-B6112924952D}.AppStore|x64.Deploy.0 = Release|x64
		{94667E8F-2298-4BDF-AF66-B6112924952D}.AppStore|x86.ActiveCfg = Release|x86
		{94667E8F-2298-4BDF-AF66-B6112924952D}.AppStore|x86.Build.0 = Release|x86
		{94667E8F-2298-4BDF-AF66-B6112924952D}.AppStore|x86.Deploy.0 = Release|x86
		{94667E8F-2298-4BDF-AF66-B6112924952D}.Debug|Any CPU.ActiveCfg = Debug|x86
		{94667E8F-2298-4BDF-AF66-B6112924952D}.Debug|ARM.ActiveCfg = Debug|ARM
		{94667E8F-2298-4BDF-AF66-B6112924952D}.Debug|ARM.Build.0 = Debug|ARM
		{94667E8F-2298-4BDF-AF66-B6112924952D}.Debug|ARM.Deploy.0 = Debug|ARM
		{94667E8F-2298-4BDF-AF66-B6112924952D}.Debug|iPhone.ActiveCfg = Debug|x86
		{94667E8F-2298-4BDF-AF66-B6112924952D}.Debug|iPhoneSimulator.ActiveCfg = Debug|x86
		{94667E8F-2298-4BDF-AF66-B6112924952D}.Debug|x64.ActiveCfg = Debug|x64
		{94667E8F-2298-4BDF-AF66-B6112924952D}.Debug|x64.Build.0 = Debug|x64
		{94667E8F-2298-4BDF-AF66-B6112924952D}.Debug|x64.Deploy.0 = Debug|x64
		{94667E8F-2298-4BDF-AF66-B6112924952D}.Debug|x86.ActiveCfg = Debug|x86
		{94667E8F-2298-4BDF-AF66-B6112924952D}.Debug|x86.Build.0 = Debug|x86
		{94667E8F-2298-4BDF-AF66-B6112924952D}.Debug|x86.Deploy.0 = Debug|x86
		{94667E8F-2298-4BDF-AF66-B6112924952D}.Release|Any CPU.ActiveCfg = Release|x86
		{94667E8F-2298-4BDF-AF66-B6112924952D}.Release|ARM.ActiveCfg = Release|ARM
		{94667E8F-2298-4BDF-AF66-B6112924952D}.Release|ARM.Build.0 = Release|ARM
		{94667E8F-2298-4BDF-AF66-B6112924952D}.Release|ARM.Deploy.0 = Release|ARM
		{94667E8F-2298-4BDF-AF66-B6112924952D}.Release|iPhone.ActiveCfg = Release|x86
		{94667E8F-2298-4BDF-AF66-B6112924952D}.Release|iPhoneSimulator.ActiveCfg = Release|x86
		{94667E8F-2298-4BDF-AF66-B6112924952D}.Release|x64.ActiveCfg = Release|x64
		{94667E8F-2298-4BDF-AF66-B6112924952D}.Release|x64.Build.0 = Release|x64
		{94667E8F-2298-4BDF-AF66-B6112924952D}.Release|x64.Deploy.0 = Release|x64
		{94667E8F-2298-4BDF-AF66-B6112924952D}.Release|x86.ActiveCfg = Release|x86
		{94667E8F-2298-4BDF-AF66-B6112924952D}.Release|x86.Build.0 = Release|x86
		{94667E8F-2298-4BDF-AF66-B6112924952D}.Release|x86.Deploy.0 = Release|x86
	EndGlobalSection
	GlobalSection(SolutionProperties) = preSolution
		HideSolutionNode = FALSE
	EndGlobalSection
EndGlobal
